{
  "originHash" : "35c22322bed90723eef07f9f3a175e7276d5ec988c8a640fedb6c4f4b0e12afe",
  "pins" : [
    {
      "identity" : "appsflyerframework",
      "kind" : "remoteSourceControl",
      "location" : "https://github.com/AppsFlyerSDK/AppsFlyerFramework",
      "state" : {
        "revision" : "9af29d0e961580213771cd71e09ae81a472ed72e",
        "version" : "6.17.2"
      }
    },
    {
      "identity" : "onesignal-ios-sdk",
      "kind" : "remoteSourceControl",
      "location" : "https://github.com/OneSignal/OneSignal-iOS-SDK.git",
      "state" : {
        "revision" : "2c3b878c32b0adc8349dc1bf2509ca7decd3b27c",
        "version" : "5.2.14"
      }
    }
  ],
  "version" : 3
}
